{
  "meteor": {},
  "dependencies": {
    "basePackages": {
      "bootstrap-3": {},
      "font-awesome": {},
      "mousetrap": {},
      "keybindings": {},
      "bootboxjs": {}
    },
    "packages": {
      "bootstrap-3": {
        "git": "https://github.com/mangasocial/meteor-bootstrap-3.git",
        "tag": "v3.1.1-1",
        "commit": "63dd38968828bb8963636df93e9a1c45e2dfe67e"
      },
      "font-awesome": {
        "git": "https://github.com/nate-strauser/meteor-font-awesome.git",
        "tag": "v4.0.3",
        "commit": "61e9361384347547ae144f8228faa4deffda23db"
      },
      "mousetrap": {
        "git": "https://github.com/awatson1978/mousetrap.git",
        "tag": "v1.5.2",
        "commit": "77fef1e9dd64fc99cf0fc128dcb10d038c0fe860"
      },
      "keybindings": {
        "git": "https://github.com/matteodem/meteor-keybindings.git",
        "tag": "v0.4.1",
        "commit": "d461475eec435acd8b61af6f1b8696fc70fcea78"
      },
      "bootboxjs": {
        "git": "https://github.com/TimHeckel/meteor-bootboxjs.git",
        "tag": "v4.2.0",
        "commit": "2b7d18ad028d9e7b37238ecf2a8a7970735cebd1"
      }
    }
  }
}
